{
  "name": "asypseudo",
  "version": "0.0.1",
  "lockfileVersion": 3,
  "requires": true,
  "packages": {
    "": {
      "name": "asypseudo",
      "version": "0.0.1",
      "dependencies": {
        "asypseudo": "file:"
      },
      "engines": {
        "vscode": "^1.93.0"
      }
    },
    "node_modules/asypseudo": {
      "resolved": "",
      "link": true
    }
  }
}
